{
    "_readme": [
        "This file locks the dependencies of your project to a known state",
        "Read more about it at https://getcomposer.org/doc/01-basic-usage.md#installing-dependencies",
        "This file is @generated automatically"
    ],
    "content-hash": "f2a748734c72d4b1a015866088317eb3",
    "packages": [],
    "packages-dev": [
        {
            "name": "kubawerlos/php-cs-fixer-custom-fixers",
            "version": "v3.29.1",
            "source": {
                "type": "git",
                "url": "https://github.com/kubawerlos/php-cs-fixer-custom-fixers.git",
                "reference": "2d9af89140c047b68c767dab9f9f60d0506d66bc"
            },
            "dist": {
                "type": "zip",
                "url": "https://api.github.com/repos/kubawerlos/php-cs-fixer-custom-fixers/zipball/2d9af89140c047b68c767dab9f9f60d0506d66bc",
                "reference": "2d9af89140c047b68c767dab9f9f60d0506d66bc",
                "shasum": ""
            },
            "require": {
                "ext-filter": "*",
                "ext-tokenizer": "*",
                "friendsofphp/php-cs-fixer": "^3.77",
                "php": "^7.4 || ^8.0"
            },
            "require-dev": {
                "phpunit/phpunit": "^9.6.22 || 10.5.45 || ^11.5.7"
            },
            "type": "library",
            "autoload": {
                "psr-4": {
                    "PhpCsFixerCustomFixers\\": "src"
                }
            },
            "notification-url": "https://packagist.org/downloads/",
            "license": [
                "MIT"
            ],
            "authors": [
                {
                    "name": "Kuba Werłos",
                    "email": "werlos@gmail.com"
                }
            ],
            "description": "A set of custom fixers for PHP CS Fixer",
            "support": {
                "issues": "https://github.com/kubawerlos/php-cs-fixer-custom-fixers/issues",
                "source": "https://github.com/kubawerlos/php-cs-fixer-custom-fixers/tree/v3.29.1"
            },
            "funding": [
                {
                    "url": "https://github.com/kubawerlos",
                    "type": "github"
                }
            ],
            "time": "2025-07-06T13:46:09+00:00"
        },
        {
            "name": "nextcloud/coding-standard",
            "version": "v1.4.0",
            "source": {
                "type": "git",
                "url": "https://github.com/nextcloud/coding-standard.git",
                "reference": "8e06808c1423e9208d63d1bd205b9a38bd400011"
            },
            "dist": {
                "type": "zip",
                "url": "https://api.github.com/repos/nextcloud/coding-standard/zipball/8e06808c1423e9208d63d1bd205b9a38bd400011",
                "reference": "8e06808c1423e9208d63d1bd205b9a38bd400011",
                "shasum": ""
            },
            "require": {
                "kubawerlos/php-cs-fixer-custom-fixers": "^3.22",
                "php": "^8.0",
                "php-cs-fixer/shim": "^3.17"
            },
            "type": "library",
            "autoload": {
                "psr-4": {
                    "Nextcloud\\CodingStandard\\": "src"
                }
            },
            "notification-url": "https://packagist.org/downloads/",
            "license": [
                "MIT"
            ],
            "authors": [
                {
                    "name": "Christoph Wurst",
                    "email": "christoph@winzerhof-wurst.at"
                }
            ],
            "description": "Nextcloud coding standards for the php cs fixer",
            "keywords": [
                "dev"
            ],
            "support": {
                "issues": "https://github.com/nextcloud/coding-standard/issues",
                "source": "https://github.com/nextcloud/coding-standard/tree/v1.4.0"
            },
            "time": "2025-06-19T12:27:27+00:00"
        },
        {
            "name": "php-cs-fixer/shim",
            "version": "v3.80.0",
            "source": {
                "type": "git",
                "url": "https://github.com/PHP-CS-Fixer/shim.git",
                "reference": "050bfba7a3f1716522075118a60e934344053b34"
            },
            "dist": {
                "type": "zip",
                "url": "https://api.github.com/repos/PHP-CS-Fixer/shim/zipball/050bfba7a3f1716522075118a60e934344053b34",
                "reference": "050bfba7a3f1716522075118a60e934344053b34",
                "shasum": ""
            },
            "require": {
                "ext-json": "*",
                "ext-tokenizer": "*",
                "php": "^7.4 || ^8.0"
            },
            "replace": {
                "friendsofphp/php-cs-fixer": "self.version"
            },
            "suggest": {
                "ext-dom": "For handling output formats in XML",
                "ext-mbstring": "For handling non-UTF8 characters."
            },
            "bin": [
                "php-cs-fixer",
                "php-cs-fixer.phar"
            ],
            "type": "application",
            "notification-url": "https://packagist.org/downloads/",
            "license": [
                "MIT"
            ],
            "authors": [
                {
                    "name": "Fabien Potencier",
                    "email": "fabien@symfony.com"
                },
                {
                    "name": "Dariusz Rumiński",
                    "email": "dariusz.ruminski@gmail.com"
                }
            ],
            "description": "A tool to automatically fix PHP code style",
            "support": {
                "issues": "https://github.com/PHP-CS-Fixer/shim/issues",
                "source": "https://github.com/PHP-CS-Fixer/shim/tree/v3.80.0"
            },
            "time": "2025-07-06T21:01:12+00:00"
        }
    ],
    "aliases": [],
    "minimum-stability": "stable",
    "stability-flags": {},
    "prefer-stable": false,
    "prefer-lowest": false,
    "platform": {},
    "platform-dev": {},
    "platform-overrides": {
        "php": "8.1"
    },
    "plugin-api-version": "2.6.0"
}
