{
    "_readme": [
        "This file locks the dependencies of your project to a known state",
        "Read more about it at https://getcomposer.org/doc/01-basic-usage.md#installing-dependencies",
        "This file is @generated automatically"
    ],
    "content-hash": "a5bb9395f2cd3a27e5a4456b93d440d1",
    "packages": [],
    "packages-dev": [
        {
            "name": "nextcloud/rector",
            "version": "v0.3.1",
            "source": {
                "type": "git",
                "url": "https://github.com/nextcloud-libraries/rector.git",
                "reference": "25e71025c3acdf346f2d26034d3edd8e17e4596e"
            },
            "dist": {
                "type": "zip",
                "url": "https://api.github.com/repos/nextcloud-libraries/rector/zipball/25e71025c3acdf346f2d26034d3edd8e17e4596e",
                "reference": "25e71025c3acdf346f2d26034d3edd8e17e4596e",
                "shasum": ""
            },
            "require": {
                "php": "^8.1"
            },
            "require-dev": {
                "phpunit/phpunit": "^10.5",
                "ramsey/devtools": "^2.0",
                "rector/rector": "^1.2"
            },
            "type": "library",
            "extra": {
                "captainhook": {
                    "force-install": true
                },
                "ramsey/devtools": {
                    "memory-limit": "-1",
                    "command-prefix": "dev"
                },
                "ramsey/conventional-commits": {
                    "configFile": "conventional-commits.json"
                }
            },
            "autoload": {
                "psr-4": {
                    "Nextcloud\\Rector\\": "src/"
                }
            },
            "notification-url": "https://packagist.org/downloads/",
            "license": [
                "AGPL-3.0-or-later"
            ],
            "authors": [
                {
                    "name": "Christoph Wurst",
                    "email": "christoph@winzerhof-wurst.at",
                    "homepage": "https://wuc.me"
                }
            ],
            "description": "Rector upgrade rules for Nextcloud",
            "keywords": [
                "nextcloud",
                "refactoring"
            ],
            "support": {
                "issues": "https://github.com/nextcloud-libraries/rector/issues",
                "source": "https://github.com/nextcloud-libraries/rector/tree/v0.3.1"
            },
            "time": "2025-02-06T09:32:20+00:00"
        },
        {
            "name": "phpstan/phpstan",
            "version": "2.1.11",
            "source": {
                "type": "git",
                "url": "https://github.com/phpstan/phpstan.git",
                "reference": "8ca5f79a8f63c49b2359065832a654e1ec70ac30"
            },
            "dist": {
                "type": "zip",
                "url": "https://api.github.com/repos/phpstan/phpstan/zipball/8ca5f79a8f63c49b2359065832a654e1ec70ac30",
                "reference": "8ca5f79a8f63c49b2359065832a654e1ec70ac30",
                "shasum": ""
            },
            "require": {
                "php": "^7.4|^8.0"
            },
            "conflict": {
                "phpstan/phpstan-shim": "*"
            },
            "bin": [
                "phpstan",
                "phpstan.phar"
            ],
            "type": "library",
            "autoload": {
                "files": [
                    "bootstrap.php"
                ]
            },
            "notification-url": "https://packagist.org/downloads/",
            "license": [
                "MIT"
            ],
            "description": "PHPStan - PHP Static Analysis Tool",
            "keywords": [
                "dev",
                "static analysis"
            ],
            "support": {
                "docs": "https://phpstan.org/user-guide/getting-started",
                "forum": "https://github.com/phpstan/phpstan/discussions",
                "issues": "https://github.com/phpstan/phpstan/issues",
                "security": "https://github.com/phpstan/phpstan/security/policy",
                "source": "https://github.com/phpstan/phpstan-src"
            },
            "funding": [
                {
                    "url": "https://github.com/ondrejmirtes",
                    "type": "github"
                },
                {
                    "url": "https://github.com/phpstan",
                    "type": "github"
                }
            ],
            "time": "2025-03-24T13:45:00+00:00"
        },
        {
            "name": "rector/rector",
            "version": "2.0.11",
            "source": {
                "type": "git",
                "url": "https://github.com/rectorphp/rector.git",
                "reference": "059b827cc648929711606e9824337e41e2f9ed92"
            },
            "dist": {
                "type": "zip",
                "url": "https://api.github.com/repos/rectorphp/rector/zipball/059b827cc648929711606e9824337e41e2f9ed92",
                "reference": "059b827cc648929711606e9824337e41e2f9ed92",
                "shasum": ""
            },
            "require": {
                "php": "^7.4|^8.0",
                "phpstan/phpstan": "^2.1.9"
            },
            "conflict": {
                "rector/rector-doctrine": "*",
                "rector/rector-downgrade-php": "*",
                "rector/rector-phpunit": "*",
                "rector/rector-symfony": "*"
            },
            "suggest": {
                "ext-dom": "To manipulate phpunit.xml via the custom-rule command"
            },
            "bin": [
                "bin/rector"
            ],
            "type": "library",
            "autoload": {
                "files": [
                    "bootstrap.php"
                ]
            },
            "notification-url": "https://packagist.org/downloads/",
            "license": [
                "MIT"
            ],
            "description": "Instant Upgrade and Automated Refactoring of any PHP code",
            "keywords": [
                "automation",
                "dev",
                "migration",
                "refactoring"
            ],
            "support": {
                "issues": "https://github.com/rectorphp/rector/issues",
                "source": "https://github.com/rectorphp/rector/tree/2.0.11"
            },
            "funding": [
                {
                    "url": "https://github.com/tomasvotruba",
                    "type": "github"
                }
            ],
            "time": "2025-03-28T10:25:17+00:00"
        }
    ],
    "aliases": [],
    "minimum-stability": "stable",
    "stability-flags": [],
    "prefer-stable": false,
    "prefer-lowest": false,
    "platform": [],
    "platform-dev": [],
    "plugin-api-version": "2.3.0"
}
